{"SurveyEntry":{"SurveyID":"SV_88R3VgbVdpP5nGC","SurveyName":"Energy consumption optimization of embedded systems software","SurveyDescription":null,"SurveyOwnerID":"UR_blySzK792YmyY1U","SurveyBrandID":"utrechtuniversity","DivisionID":"DV_eURwDSPocVcPyCh","SurveyLanguage":"EN","SurveyActiveResponseSet":"RS_0x2q8kE7jB3cAdM","SurveyStatus":"Active","SurveyStartDate":"0000-00-00 00:00:00","SurveyExpirationDate":"0000-00-00 00:00:00","SurveyCreationDate":"2024-02-15 00:51:45","CreatorID":"UR_blySzK792YmyY1U","LastModified":"2024-06-11 07:52:17","LastAccessed":"0000-00-00 00:00:00","LastActivated":"2024-02-23 02:20:31","Deleted":null},"SurveyElements":[{"SurveyID":"SV_88R3VgbVdpP5nGC","Element":"BL","PrimaryAttribute":"Survey Blocks","SecondaryAttribute":null,"TertiaryAttribute":null,"Payload":{"1":{"Type":"Trash","Description":"Trash \/ Unused Questions","ID":"BL_bBGEfKtxtlQxN9c","BlockElements":[],"Options":{"BlockLocking":"false","RandomizeQuestions":"false","BlockVisibility":"Expanded"}},"2":{"Type":"Standard","SubType":"","Description":"Introduction","ID":"BL_eDrSeEsJFiugrxc","BlockElements":[{"Type":"Question","QuestionID":"QID5"},{"Type":"Question","QuestionID":"QID94"}],"Options":{"BlockLocking":"false","RandomizeQuestions":"false","BlockVisibility":"Expanded"}},"4":{"Type":"Standard","SubType":"","Description":"Proxies","ID":"BL_6SanHBAktTDuvwW","BlockElements":[{"Type":"Question","QuestionID":"QID14"},{"Type":"Question","QuestionID":"QID13"},{"Type":"Question","QuestionID":"QID16"}],"Options":{"BlockLocking":"false","RandomizeQuestions":"false","BlockVisibility":"Expanded"}},"5":{"Type":"Standard","SubType":"","Description":"Power","ID":"BL_afMu7WhtObKgF70","BlockElements":[{"Type":"Question","QuestionID":"QID17"},{"Type":"Question","QuestionID":"QID21"},{"Type":"Question","QuestionID":"QID22"}],"Options":{"BlockLocking":"false","RandomizeQuestions":"false","BlockVisibility":"Expanded"}},"6":{"Type":"Standard","SubType":"","Description":"Executions","ID":"BL_8bM0nVUqo366pSe","BlockElements":[{"Type":"Question","QuestionID":"QID23"},{"Type":"Question","QuestionID":"QID24"},{"Type":"Question","QuestionID":"QID25"}],"Options":{"BlockLocking":"false","RandomizeQuestions":"false","BlockVisibility":"Expanded"}},"7":{"Type":"Standard","SubType":"","Description":"CPU","ID":"BL_892cJZoOtRF9ahE","BlockElements":[{"Type":"Question","QuestionID":"QID26"},{"Type":"Question","QuestionID":"QID27"},{"Type":"Question","QuestionID":"QID28"}],"Options":{"BlockLocking":"false","RandomizeQuestions":"false","BlockVisibility":"Expanded"}},"8":{"Type":"Standard","SubType":"","Description":"Abstractions","ID":"BL_abXFccNeFE48fk2","BlockElements":[{"Type":"Question","QuestionID":"QID29"},{"Type":"Question","QuestionID":"QID30"},{"Type":"Question","QuestionID":"QID31"}],"Options":{"BlockLocking":"false","RandomizeQuestions":"false","BlockVisibility":"Expanded"}},"9":{"Type":"Standard","SubType":"","Description":"Multiple","ID":"BL_exLWJQKig5iQ85w","BlockElements":[{"Type":"Question","QuestionID":"QID32"},{"Type":"Question","QuestionID":"QID33"},{"Type":"Question","QuestionID":"QID34"},{"Type":"Question","QuestionID":"QID35"},{"Type":"Question","QuestionID":"QID36"}],"Options":{"BlockLocking":"false","RandomizeQuestions":"false","BlockVisibility":"Expanded"}},"10":{"Type":"Standard","SubType":"","Description":"HardwareCombinations ","ID":"BL_0BQyIE0e0klS7gW","BlockElements":[{"Type":"Question","QuestionID":"QID37"},{"Type":"Question","QuestionID":"QID39"},{"Type":"Question","QuestionID":"QID41"},{"Type":"Question","QuestionID":"QID40"}],"Options":{"BlockLocking":"false","RandomizeQuestions":"false","BlockVisibility":"Expanded"}},"12":{"Type":"Standard","SubType":"","Description":"Proximity","ID":"BL_0jFEGK9lCI6Qzr0","BlockElements":[{"Type":"Question","QuestionID":"QID42"},{"Type":"Question","QuestionID":"QID43"},{"Type":"Question","QuestionID":"QID44"}],"Options":{"BlockLocking":"false","RandomizeQuestions":"false","BlockVisibility":"Expanded"}},"13":{"Type":"Standard","SubType":"","Description":"Goals","ID":"BL_0oaRugZRvJQZswK","BlockElements":[{"Type":"Question","QuestionID":"QID47"},{"Type":"Question","QuestionID":"QID51"},{"Type":"Question","QuestionID":"QID56"},{"Type":"Question","QuestionID":"QID80"},{"Type":"Question","QuestionID":"QID78"}],"Options":{"BlockLocking":"false","RandomizeQuestions":"false","BlockVisibility":"Expanded"}},"18":{"Type":"Standard","SubType":"","Description":"Part2","ID":"BL_ddmjFxVDPyua7jg","BlockElements":[{"Type":"Question","QuestionID":"QID69"}],"Options":{"BlockLocking":"false","RandomizeQuestions":"false","BlockVisibility":"Expanded"}},"19":{"Type":"Standard","SubType":"","Description":"Options","ID":"BL_0uh4AMMLSTreIGq","BlockElements":[{"Type":"Question","QuestionID":"QID81"},{"Type":"Question","QuestionID":"QID70"},{"Type":"Question","QuestionID":"QID73"}],"Options":{"BlockLocking":"false","RandomizeQuestions":"false","BlockVisibility":"Expanded"}},"20":{"Type":"Standard","SubType":"","Description":"Challenges","ID":"BL_0MLmxpmdieJuwQu","BlockElements":[{"Type":"Question","QuestionID":"QID71"},{"Type":"Question","QuestionID":"QID72"}],"Options":{"BlockLocking":"false","RandomizeQuestions":"false","BlockVisibility":"Expanded"}},"21":{"Type":"Standard","SubType":"","Description":"Part3","ID":"BL_cYg4SCC4QBbX2NU","BlockElements":[{"Type":"Question","QuestionID":"QID84"}],"Options":{"BlockLocking":"false","RandomizeQuestions":"false","BlockVisibility":"Expanded"}},"22":{"Type":"Standard","SubType":"","Description":"Experience","ID":"BL_9Fc5WGqIBFViecm","BlockElements":[{"Type":"Question","QuestionID":"QID85"},{"Type":"Question","QuestionID":"QID86"},{"Type":"Question","QuestionID":"QID88"},{"Type":"Question","QuestionID":"QID91"},{"Type":"Question","QuestionID":"QID89"},{"Type":"Question","QuestionID":"QID90"}],"Options":{"BlockLocking":"false","RandomizeQuestions":"false","BlockVisibility":"Expanded"}},"23":{"Type":"Standard","SubType":"","Description":"UsageScenarios","ID":"BL_cCTdttHZSzy2d6e","BlockElements":[{"Type":"Question","QuestionID":"QID98"},{"Type":"Question","QuestionID":"QID101"},{"Type":"Question","QuestionID":"QID102"},{"Type":"Question","QuestionID":"QID103"}],"Options":{"BlockLocking":false,"RandomizeQuestions":"false","BlockVisibility":"Expanded"}}}},{"SurveyID":"SV_88R3VgbVdpP5nGC","Element":"FL","PrimaryAttribute":"Survey Flow","SecondaryAttribute":null,"TertiaryAttribute":null,"Payload":{"Type":"Root","FlowID":"FL_1","Flow":[{"Type":"Standard","ID":"BL_eDrSeEsJFiugrxc","FlowID":"FL_3","Autofill":[]},{"Type":"Group","FlowID":"FL_14","Description":"Part 1","Flow":[{"Type":"Standard","ID":"BL_6SanHBAktTDuvwW","FlowID":"FL_5","Autofill":[]},{"Type":"Standard","ID":"BL_afMu7WhtObKgF70","FlowID":"FL_6","Autofill":[]},{"Type":"Standard","ID":"BL_8bM0nVUqo366pSe","FlowID":"FL_7","Autofill":[]},{"Type":"Standard","ID":"BL_892cJZoOtRF9ahE","FlowID":"FL_8","Autofill":[]},{"Type":"Standard","ID":"BL_abXFccNeFE48fk2","FlowID":"FL_9","Autofill":[]},{"Type":"Standard","ID":"BL_exLWJQKig5iQ85w","FlowID":"FL_10","Autofill":[]},{"Type":"Standard","ID":"BL_0jFEGK9lCI6Qzr0","FlowID":"FL_13","Autofill":[]},{"Type":"Standard","ID":"BL_0BQyIE0e0klS7gW","FlowID":"FL_11","Autofill":[]},{"Type":"Standard","ID":"BL_cCTdttHZSzy2d6e","FlowID":"FL_29","Autofill":[]}]},{"Type":"Group","FlowID":"FL_15","Description":"Part 2","Flow":[{"Type":"Standard","ID":"BL_ddmjFxVDPyua7jg","FlowID":"FL_22","Autofill":[]},{"Type":"Standard","ID":"BL_0uh4AMMLSTreIGq","FlowID":"FL_24","Autofill":[]},{"Type":"Standard","ID":"BL_0oaRugZRvJQZswK","FlowID":"FL_16","Autofill":[]},{"Type":"Standard","ID":"BL_0MLmxpmdieJuwQu","FlowID":"FL_25","Autofill":[]}]},{"Type":"Group","FlowID":"FL_31","Description":"Part3","Flow":[{"Type":"Standard","ID":"BL_cYg4SCC4QBbX2NU","FlowID":"FL_26","Autofill":[]},{"Type":"Standard","ID":"BL_9Fc5WGqIBFViecm","FlowID":"FL_27","Autofill":[]}]}],"Properties":{"Count":31,"RemovedFieldsets":[]}}},{"SurveyID":"SV_88R3VgbVdpP5nGC","Element":"PL","PrimaryAttribute":"Preview Link","SecondaryAttribute":null,"TertiaryAttribute":null,"Payload":{"PreviewType":"Brand","PreviewID":"f59e70d2-2eb6-40e3-bc5a-c4d5a0e8fc80"}},{"SurveyID":"SV_88R3VgbVdpP5nGC","Element":"SO","PrimaryAttribute":"Survey Options","SecondaryAttribute":null,"TertiaryAttribute":null,"Payload":{"BackButton":"true","SaveAndContinue":"false","SurveyProtection":"PublicSurvey","BallotBoxStuffingPrevention":"false","NoIndex":"Yes","SecureResponseFiles":"true","SurveyExpiration":"None","SurveyTermination":"DefaultMessage","Header":"","Footer":"","ProgressBarDisplay":"NoText","PartialData":"+1 week","ValidationMessage":null,"PreviousButton":"","NextButton":" \u2192 ","SurveyTitle":"Optimizing embedded systems software for energy consumption","SkinLibrary":"utrechtuniversity","SkinType":"templated","Skin":{"brandingId":"381247668","templateId":"*base","overrides":null},"NewScoring":1,"SurveyMetaDescription":"A survey regarding the energy consumption optimization of embedded systems software.","SurveyName":"Energy consumption optimization of embedded systems software","EOSMessage":null,"ShowExportTags":"false","CollectGeoLocation":"false","PasswordProtection":"No","AnonymizeResponse":"Yes","RefererCheck":"No","RecaptchaV3":"false","ConfirmStart":false,"AutoConfirmStart":false,"RelevantID":"false","RelevantIDLockoutPeriod":"+30 days","UseCustomSurveyLinkCompletedMessage":null,"SurveyLinkCompletedMessage":null,"SurveyLinkCompletedMessageLibrary":null,"ResponseSummary":"No","EOSMessageLibrary":null,"EOSRedirectURL":null,"EmailThankYou":"false","ThankYouEmailMessageLibrary":null,"ThankYouEmailMessage":null,"ValidateMessage":"false","ValidationMessageLibrary":null,"InactiveSurvey":"DefaultMessage","PartialDeletion":null,"PartialDataCloseAfter":"LastActivity","InactiveMessageLibrary":null,"InactiveMessage":null,"AvailableLanguages":{"EN":[]},"CustomStyles":[],"ProtectSelectionIds":true}},{"SurveyID":"SV_88R3VgbVdpP5nGC","Element":"SCO","PrimaryAttribute":"Scoring","SecondaryAttribute":null,"TertiaryAttribute":null,"Payload":{"ScoringCategories":[],"ScoringCategoryGroups":[],"ScoringSummaryCategory":null,"ScoringSummaryAfterQuestions":0,"ScoringSummaryAfterSurvey":0,"DefaultScoringCategory":null,"AutoScoringCategory":null}},{"SurveyID":"SV_88R3VgbVdpP5nGC","Element":"PROJ","PrimaryAttribute":"CORE","SecondaryAttribute":null,"TertiaryAttribute":"1.1.0","Payload":{"ProjectCategory":"CORE","SchemaVersion":"1.1.0"}},{"SurveyID":"SV_88R3VgbVdpP5nGC","Element":"STAT","PrimaryAttribute":"Survey Statistics","SecondaryAttribute":null,"TertiaryAttribute":null,"Payload":{"MobileCompatible":true,"ID":"Survey Statistics"}},{"SurveyID":"SV_88R3VgbVdpP5nGC","Element":"QC","PrimaryAttribute":"Survey Question Count","SecondaryAttribute":"103","TertiaryAttribute":null,"Payload":null},{"SurveyID":"SV_88R3VgbVdpP5nGC","Element":"SQ","PrimaryAttribute":"QID21","SecondaryAttribute":"Are measures of energy consumption or power draw more useful in optimizing energy consumption of...","TertiaryAttribute":null,"Payload":{"QuestionText":"Are measures of energy consumption or power draw more useful in optimizing energy consumption of embedded systems software?","DefaultChoices":false,"DataExportTag":"Power","QuestionType":"MC","Selector":"SAHR","SubSelector":"TX","DataVisibility":{"Private":false,"Hidden":false},"Configuration":{"QuestionDescriptionOption":"UseText","LabelPosition":"BELOW"},"QuestionDescription":"Are measures of energy consumption or power draw more useful in optimizing energy consumption of...","Choices":{"1":{"Display":"Power draw is much more useful"},"2":{"Display":"Power draw is slightly more useful"},"3":{"Display":"Energy consumption is slightly more useful"},"4":{"Display":"Energy consumption is much more useful"}},"ChoiceOrder":[1,2,3,4],"Validation":{"Settings":{"ForceResponse":"ON","ForceResponseType":"ON","Type":"None"}},"GradingData":[],"Language":[],"NextChoiceId":5,"NextAnswerId":1,"QuestionID":"QID21"}},{"SurveyID":"SV_88R3VgbVdpP5nGC","Element":"SQ","PrimaryAttribute":"QID71","SecondaryAttribute":"Are there any challenges which you currently face when optimizing embedded systems software for p...","TertiaryAttribute":null,"Payload":{"QuestionText":"Are there any challenges which you currently face when optimizing embedded systems software for performance, or energy consumption in particular, which energy measures (can) help to overcome?","DefaultChoices":false,"DataExportTag":"Challenges","QuestionType":"TE","Selector":"ML","DataVisibility":{"Private":false,"Hidden":false},"Configuration":{"QuestionDescriptionOption":"UseText"},"QuestionDescription":"Are there any challenges which you currently face when optimizing embedded systems software for p...","Validation":{"Settings":{"ForceResponse":"OFF","Type":"None"}},"GradingData":[],"Language":[],"NextChoiceId":4,"NextAnswerId":1,"SearchSource":{"AllowFreeResponse":"false"},"QuestionID":"QID71"}},{"SurveyID":"SV_88R3VgbVdpP5nGC","Element":"SQ","PrimaryAttribute":"QID70","SecondaryAttribute":"Are there options for energy measures that have not been mentioned, but that you think would be v...","TertiaryAttribute":null,"Payload":{"QuestionText":"Are there options for energy measures that have not been mentioned, but that you think would be very <strong>useful<\/strong>?","DefaultChoices":false,"DataExportTag":"Options:Positive","QuestionType":"TE","Selector":"ML","DataVisibility":{"Private":false,"Hidden":false},"Configuration":{"QuestionDescriptionOption":"UseText"},"QuestionDescription":"Are there options for energy measures that have not been mentioned, but that you think would be v...","Validation":{"Settings":{"ForceResponse":"OFF","Type":"None"}},"GradingData":[],"Language":[],"NextChoiceId":4,"NextAnswerId":1,"SearchSource":{"AllowFreeResponse":"false"},"QuestionID":"QID70"}},{"SurveyID":"SV_88R3VgbVdpP5nGC","Element":"SQ","PrimaryAttribute":"QID73","SecondaryAttribute":"Are there options for energy measures that have not been mentioned, but that you think would be v...","TertiaryAttribute":null,"Payload":{"QuestionText":"Are there options for energy measures that have not been mentioned, but that you think would be very <strong>counterproductive<\/strong>?","DefaultChoices":false,"DataExportTag":"Options:Negative","QuestionType":"TE","Selector":"ML","DataVisibility":{"Private":false,"Hidden":false},"Configuration":{"QuestionDescriptionOption":"UseText"},"QuestionDescription":"Are there options for energy measures that have not been mentioned, but that you think would be v...","Validation":{"Settings":{"ForceResponse":"OFF","Type":"None"}},"GradingData":[],"Language":[],"NextChoiceId":4,"NextAnswerId":1,"SearchSource":{"AllowFreeResponse":"false"},"QuestionID":"QID73"}},{"SurveyID":"SV_88R3VgbVdpP5nGC","Element":"SQ","PrimaryAttribute":"QID80","SecondaryAttribute":"Are there other subgoals which are useful steps in the process of optimizing the energy consumpti...","TertiaryAttribute":null,"Payload":{"QuestionText":"Are there other subgoals which are useful steps in the process of optimizing the energy consumption of embedded systems software?<br>","DefaultChoices":false,"DataExportTag":"Goals:Other","QuestionID":"QID80","QuestionType":"MC","Selector":"SAVR","SubSelector":"TX","DataVisibility":{"Private":false,"Hidden":false},"Configuration":{"QuestionDescriptionOption":"UseText"},"QuestionDescription":"Are there other subgoals which are useful steps in the process of optimizing the energy consumpti...","Choices":{"1":{"Display":"No"},"2":{"Display":"Yes, namely","TextEntry":"true"}},"ChoiceOrder":["1","2"],"Validation":{"Settings":{"ForceResponse":"ON","ForceResponseType":"ON","Type":"CustomValidation","CustomValidation":{"Logic":{"0":{"0":{"ChoiceLocator":"q:\/\/QID80\/ChoiceTextEntryValue\/2","Description":"<span class=\"ConjDesc\">If<\/span> <span class=\"QuestionDesc\">Are there other goals which are useful steps in the process of optimizing its energy consumption?<\/span> <span class=\"LeftOpDesc\">Text Response<\/span> <span class=\"OpDesc\">Is Empty<\/span> ","LeftOperand":"q:\/\/QID80\/ChoiceTextEntryValue\/2","LogicType":"Question","Operator":"Empty","QuestionID":"QID80","QuestionIDFromLocator":"QID80","QuestionIsInLoop":"no","Type":"Expression"},"1":{"ChoiceLocator":"q:\/\/QID80\/SelectableChoice\/2","Conjuction":"Or","Description":"<span class=\"ConjDesc\">Or<\/span> <span class=\"QuestionDesc\">Are there other goals which are useful steps in the process of optimizing its energy consumption?<\/span> <span class=\"LeftOpDesc\">Yes, namely<\/span> <span class=\"OpDesc\">Is Selected<\/span> ","LeftOperand":"q:\/\/QID80\/SelectableChoice\/2","LogicType":"Question","Operator":"Selected","QuestionID":"QID80","QuestionIDFromLocator":"QID80","QuestionIsInLoop":"no","Type":"Expression"},"Type":"If"},"Type":"BooleanExpression"},"Message":{"description":"Question Text","libraryID":"UR_blySzK792YmyY1U","messageID":"MS_2012QjJoze8UwNU","subMessageID":"VE_QUESTION"}}}},"GradingData":[],"Language":[],"NextChoiceId":4,"NextAnswerId":1}},{"SurveyID":"SV_88R3VgbVdpP5nGC","Element":"RS","PrimaryAttribute":"RS_0x2q8kE7jB3cAdM","SecondaryAttribute":"Default Response Set","TertiaryAttribute":null,"Payload":null},{"SurveyID":"SV_88R3VgbVdpP5nGC","Element":"SQ","PrimaryAttribute":"QID72","SecondaryAttribute":"Do you have any other final ideas or thoughts that you wish to share?","TertiaryAttribute":null,"Payload":{"QuestionText":"Do you have any other final ideas or thoughts that you wish to share?<br>","DefaultChoices":false,"DataExportTag":"Ideas","QuestionType":"TE","Selector":"ML","DataVisibility":{"Private":false,"Hidden":false},"Configuration":{"QuestionDescriptionOption":"UseText"},"QuestionDescription":"Do you have any other final ideas or thoughts that you wish to share?","Validation":{"Settings":{"ForceResponse":"OFF","Type":"None"}},"GradingData":[],"Language":[],"NextChoiceId":4,"NextAnswerId":1,"SearchSource":{"AllowFreeResponse":"false"},"QuestionID":"QID72"}},{"SurveyID":"SV_88R3VgbVdpP5nGC","Element":"SQ","PrimaryAttribute":"QID39","SecondaryAttribute":"Does the software that you write for embedded systems need to function on one specific hardware c...","TertiaryAttribute":null,"Payload":{"QuestionText":"Does the software that you write for embedded systems need to function on one specific hardware combination or multiple different hardware combinations?<br>","DefaultChoices":false,"DataExportTag":"HC:Function","QuestionType":"MC","Selector":"SAHR","SubSelector":"TX","DataVisibility":{"Private":false,"Hidden":false},"Configuration":{"QuestionDescriptionOption":"UseText","LabelPosition":"BELOW"},"QuestionDescription":"Does the software that you write for embedded systems need to function on one specific hardware c...","Choices":{"1":{"Display":"Always one specific hardware combination"},"2":{"Display":"Often one specific hardware combination"},"3":{"Display":"Often different hardware combinations"},"4":{"Display":"Always different hardware combinations"}},"ChoiceOrder":[1,2,3,4],"Validation":{"Settings":{"ForceResponse":"ON","ForceResponseType":"ON","Type":"None"}},"GradingData":[],"Language":[],"NextChoiceId":5,"NextAnswerId":1,"QuestionID":"QID39"}},{"SurveyID":"SV_88R3VgbVdpP5nGC","Element":"SQ","PrimaryAttribute":"QID17","SecondaryAttribute":"Energy = Power * Time, therefore previous approaches have tried to estimate or measure either ene...","TertiaryAttribute":null,"Payload":{"QuestionText":"Energy = Power * Time, therefore previous approaches have tried to estimate or measure either energy consumption or power draw.","DefaultChoices":false,"DataExportTag":"Power:Intro","QuestionType":"DB","Selector":"TB","DataVisibility":{"Private":false,"Hidden":false},"Configuration":{"QuestionDescriptionOption":"UseText"},"QuestionDescription":"Energy = Power * Time, therefore previous approaches have tried to estimate or measure either ene...","ChoiceOrder":[],"Validation":{"Settings":{"Type":"None"}},"GradingData":[],"Language":[],"NextChoiceId":4,"NextAnswerId":1,"QuestionID":"QID17"}},{"SurveyID":"SV_88R3VgbVdpP5nGC","Element":"SQ","PrimaryAttribute":"QID13","SecondaryAttribute":"Energy estimations or measurements are useful for optimizing energy consumption of embedded syste...","TertiaryAttribute":null,"Payload":{"QuestionText":"Energy estimations or measurements are useful for optimizing energy consumption of embedded systems software.","DefaultChoices":false,"DataExportTag":"Proxies","QuestionType":"MC","Selector":"SAHR","DataVisibility":{"Private":false,"Hidden":false},"Configuration":{"QuestionDescriptionOption":"UseText","LabelPosition":"BELOW"},"QuestionDescription":"Energy estimations or measurements are useful for optimizing energy consumption of embedded syste...","Choices":{"1":{"Display":"Strongly disagree"},"2":{"Display":"Somewhat disagree"},"3":{"Display":"Somewhat agree"},"4":{"Display":"Strongly agree"}},"ChoiceOrder":[1,2,3,4],"Validation":{"Settings":{"ForceResponse":"ON","ForceResponseType":"ON","Type":"None"}},"GradingData":[],"Language":[],"NextChoiceId":5,"NextAnswerId":1,"QuestionID":"QID13","SubSelector":"TX"}},{"SurveyID":"SV_88R3VgbVdpP5nGC","Element":"SQ","PrimaryAttribute":"QID26","SecondaryAttribute":"Energy measures can be collected for the central processing unit of the system (e.g. the CPU) or...","TertiaryAttribute":null,"Payload":{"QuestionText":"Energy measures can be collected for the central processing unit of the system (e.g. the CPU) or for external hardware components controlled by this central processing unit.","DefaultChoices":false,"QuestionType":"DB","Selector":"TB","DataVisibility":{"Private":false,"Hidden":false},"Configuration":{"QuestionDescriptionOption":"UseText"},"QuestionDescription":"Energy measures can be collected for the central processing unit of the system (e.g. the CPU) or...","ChoiceOrder":[],"Validation":{"Settings":{"Type":"None"}},"GradingData":[],"Language":[],"NextChoiceId":4,"NextAnswerId":1,"QuestionText_Unsafe":"Energy = Power * Time, therefore previous approaches have tried to estimate or measure energy consumption and power draw.","DataExportTag":"CPU:Intro","QuestionID":"QID26"}},{"SurveyID":"SV_88R3VgbVdpP5nGC","Element":"SQ","PrimaryAttribute":"QID29","SecondaryAttribute":"Energy measures can be related to different program abstractions.","TertiaryAttribute":null,"Payload":{"QuestionText":"Energy measures can be related to different program abstractions.","DefaultChoices":false,"DataExportTag":"Abstractions:Intro","QuestionType":"DB","Selector":"TB","DataVisibility":{"Private":false,"Hidden":false},"Configuration":{"QuestionDescriptionOption":"UseText"},"QuestionDescription":"Energy measures can be related to different program abstractions.","ChoiceOrder":[],"Validation":{"Settings":{"Type":"None"}},"GradingData":[],"Language":[],"NextChoiceId":4,"NextAnswerId":1,"QuestionID":"QID29"}},{"SurveyID":"SV_88R3VgbVdpP5nGC","Element":"SQ","PrimaryAttribute":"QID47","SecondaryAttribute":"Energy measures have been proposed to help to understand the energy related behavior of embedded...","TertiaryAttribute":null,"Payload":{"QuestionText":"<div>Energy measures have been proposed to help to understand the energy related behavior of embedded systems software or find energy consumption hotspots in it. Please indicate your agreement with the following two statements:<br><\/div>","DefaultChoices":false,"DataExportTag":"Goals:Introduction","QuestionType":"DB","Selector":"TB","DataVisibility":{"Private":false,"Hidden":false},"Configuration":{"QuestionDescriptionOption":"UseText"},"QuestionDescription":"Energy measures have been proposed to help to understand the energy related behavior of embedded...","ChoiceOrder":[],"Validation":{"Settings":{"Type":"None"}},"GradingData":[],"Language":[],"NextChoiceId":4,"NextAnswerId":1,"QuestionID":"QID47"}},{"SurveyID":"SV_88R3VgbVdpP5nGC","Element":"SQ","PrimaryAttribute":"QID42","SecondaryAttribute":"Energy measures related to program abstractions can be shown close to or in conjunction with the...","TertiaryAttribute":null,"Payload":{"QuestionText":"Energy measures related to program abstractions can be shown close to or in conjunction with the source code in a code editor. Please indicate your agreement with the following statement:<br>","DefaultChoices":false,"QuestionType":"DB","Selector":"TB","DataVisibility":{"Private":false,"Hidden":false},"Configuration":{"QuestionDescriptionOption":"UseText"},"QuestionDescription":"Energy measures related to program abstractions can be shown close to or in conjunction with the...","ChoiceOrder":[],"Validation":{"Settings":{"Type":"None"}},"GradingData":[],"Language":[],"NextChoiceId":4,"NextAnswerId":1,"QuestionText_Unsafe":"To optimize software energy consumption, one can rely on proxies (TODO: examples). Other methods have instead tried to estimate or measure software energy consumption directly. Please indicate your agreement with the following statement:","DataExportTag":"Proximity:Intro","QuestionID":"QID42"}},{"SurveyID":"SV_88R3VgbVdpP5nGC","Element":"SQ","PrimaryAttribute":"QID56","SecondaryAttribute":"Finding energy consumption hotspots in embedded systems software is a useful step in the process...","TertiaryAttribute":null,"Payload":{"QuestionText":"<strong>Finding energy consumption hotspots in <\/strong>embedded systems software is a useful step in the process of optimizing its energy consumption.","DefaultChoices":false,"QuestionType":"MC","Selector":"SAHR","SubSelector":"TX","DataVisibility":{"Private":false,"Hidden":false},"Configuration":{"QuestionDescriptionOption":"UseText","LabelPosition":"BELOW"},"QuestionDescription":"Finding energy consumption hotspots in embedded systems software is a useful step in the process...","Choices":{"1":{"Display":"Strongly disagree"},"2":{"Display":"Somewhat disagree"},"3":{"Display":"Somewhat agree"},"4":{"Display":"Strongly agree"}},"ChoiceOrder":[1,2,3,4],"Validation":{"Settings":{"ForceResponse":"ON","ForceResponseType":"ON","Type":"None"}},"GradingData":[],"Language":[],"NextChoiceId":5,"NextAnswerId":1,"QuestionText_Unsafe":"Understanding the energy related behavior of embedded systems software is a useful step in the process of optimizing its energy consumption.","DataExportTag":"Goals:Hotspot","QuestionID":"QID56"}},{"SurveyID":"SV_88R3VgbVdpP5nGC","Element":"SQ","PrimaryAttribute":"QID85","SecondaryAttribute":"For how many years have you developed software for embedded systems?","TertiaryAttribute":null,"Payload":{"QuestionText":"For how many years have you developed software for embedded systems?","DefaultChoices":false,"DataExportTag":"Exp:Developer","QuestionType":"TE","Selector":"SL","DataVisibility":{"Private":false,"Hidden":false},"Configuration":{"QuestionDescriptionOption":"UseText"},"QuestionDescription":"For how many years have you developed software for embedded systems?","Validation":{"Settings":{"ForceResponse":"ON","ForceResponseType":"ON","Type":"None","MinChars":"1","TotalChars":"1","ContentType":null,"ValidDateType":"DateWithFormat","ValidPhoneType":"ValidUSPhone","ValidZipType":"ValidUSZip","ValidNumber":{"Min":"0","Max":"100","NumDecimals":"0"}}},"GradingData":[],"Language":[],"NextChoiceId":4,"NextAnswerId":1,"SearchSource":{"AllowFreeResponse":"false"},"QuestionID":"QID85"}},{"SurveyID":"SV_88R3VgbVdpP5nGC","Element":"SQ","PrimaryAttribute":"QID89","SecondaryAttribute":"For what kind of applications have you optimized embedded systems software?","TertiaryAttribute":null,"Payload":{"QuestionText":"For <strong>what kind of applications<\/strong> have you optimized embedded systems software?","DefaultChoices":false,"DataExportTag":"Exp:Applications","QuestionType":"TE","Selector":"SL","DataVisibility":{"Private":false,"Hidden":false},"Configuration":{"QuestionDescriptionOption":"UseText"},"QuestionDescription":"For what kind of applications have you optimized embedded systems software?","Validation":{"Settings":{"ForceResponse":"ON","ForceResponseType":"ON","Type":"None"}},"GradingData":[],"Language":[],"NextChoiceId":4,"NextAnswerId":1,"SearchSource":{"AllowFreeResponse":"false"},"QuestionID":"QID89"}},{"SurveyID":"SV_88R3VgbVdpP5nGC","Element":"SQ","PrimaryAttribute":"QID91","SecondaryAttribute":"For which sector have you optimized embedded systems software?","TertiaryAttribute":null,"Payload":{"QuestionText":"For <strong>which sector<\/strong> have you optimized embedded systems software?","DefaultChoices":false,"DataExportTag":"Exp:Sector","QuestionType":"TE","Selector":"SL","DataVisibility":{"Private":false,"Hidden":false},"Configuration":{"QuestionDescriptionOption":"UseText"},"QuestionDescription":"For which sector have you optimized embedded systems software?","Validation":{"Settings":{"ForceResponse":"ON","ForceResponseType":"ON","Type":"None"}},"GradingData":[],"Language":[],"NextChoiceId":4,"NextAnswerId":1,"SearchSource":{"AllowFreeResponse":"false"},"QuestionID":"QID91"}},{"SurveyID":"SV_88R3VgbVdpP5nGC","Element":"SQ","PrimaryAttribute":"QID23","SecondaryAttribute":"From now on we will refer to measurements or estimations of either energy consumption or power dr...","TertiaryAttribute":null,"Payload":{"QuestionText":"<strong>From now on we will refer to measurements or estimations of either energy consumption or power draw as &quot;energy measures&quot;.<\/strong> Energy measures can be collected for a single execution, several executions or all possible executions of software.","DefaultChoices":false,"DataExportTag":"Executions:Intro","QuestionType":"DB","Selector":"TB","DataVisibility":{"Private":false,"Hidden":false},"Configuration":{"QuestionDescriptionOption":"UseText"},"QuestionDescription":"From now on we will refer to measurements or estimations of either energy consumption or power dr...","ChoiceOrder":[],"Validation":{"Settings":{"Type":"None"}},"GradingData":[],"Language":[],"NextChoiceId":4,"NextAnswerId":1,"QuestionID":"QID23"}},{"SurveyID":"SV_88R3VgbVdpP5nGC","Element":"SQ","PrimaryAttribute":"QID88","SecondaryAttribute":"How regularly do you optimize the energy consumption of embedded systems software?","TertiaryAttribute":null,"Payload":{"QuestionText":"How regularly do you optimize the <strong>energy consumption<\/strong> of embedded systems software?","DefaultChoices":false,"DataExportTag":"Exp:Energy","QuestionType":"MC","Selector":"SAHR","SubSelector":"TX","DataVisibility":{"Private":false,"Hidden":false},"Configuration":{"QuestionDescriptionOption":"UseText","LabelPosition":"BELOW"},"QuestionDescription":"How regularly do you optimize the energy consumption of embedded systems software?","Choices":{"1":{"Display":"Never"},"2":{"Display":"Rarely"},"3":{"Display":"Sometimes"},"4":{"Display":"Often"}},"ChoiceOrder":["1","2","3","4"],"Validation":{"Settings":{"ForceResponse":"ON","ForceResponseType":"ON","Type":"None"}},"GradingData":[],"Language":[],"NextChoiceId":5,"NextAnswerId":1,"QuestionID":"QID88"}},{"SurveyID":"SV_88R3VgbVdpP5nGC","Element":"SQ","PrimaryAttribute":"QID86","SecondaryAttribute":"How regularly do you optimize the performance of embedded systems software?","TertiaryAttribute":null,"Payload":{"QuestionText":"How regularly do you optimize the <strong>performance<\/strong> of embedded systems software?","DefaultChoices":false,"DataExportTag":"Exp:Performance","QuestionType":"MC","Selector":"SAHR","SubSelector":"TX","DataVisibility":{"Private":false,"Hidden":false},"Configuration":{"QuestionDescriptionOption":"UseText","LabelPosition":"BELOW"},"QuestionDescription":"How regularly do you optimize the performance of embedded systems software?","Choices":{"1":{"Display":"Never"},"2":{"Display":"Rarely"},"3":{"Display":"Sometimes"},"4":{"Display":"Often"}},"ChoiceOrder":["1","2","3","4"],"Validation":{"Settings":{"ForceResponse":"ON","ForceResponseType":"ON","Type":"None"}},"GradingData":[],"Language":[],"NextChoiceId":5,"NextAnswerId":1,"QuestionID":"QID86"}},{"SurveyID":"SV_88R3VgbVdpP5nGC","Element":"SQ","PrimaryAttribute":"QID35","SecondaryAttribute":"If the energy measures are related to multiple different program abstractions, it would be useful...","TertiaryAttribute":null,"Payload":{"QuestionText":"If the energy measures are related to multiple different program abstractions, it would be useful if they are shown <strong>simultaneously using their hierarchical relation<\/strong>.","DefaultChoices":false,"DataExportTag":"Multiple:Hierarchy","QuestionType":"MC","Selector":"SAHR","SubSelector":"TX","DataVisibility":{"Private":false,"Hidden":false},"Configuration":{"QuestionDescriptionOption":"UseText","LabelPosition":"BELOW"},"QuestionDescription":"If the energy measures are related to multiple different program abstractions, it would be useful...","Choices":{"1":{"Display":"Strongly disagree"},"2":{"Display":"Somewhat disagree"},"3":{"Display":"Somewhat agree"},"4":{"Display":"Strongly agree"}},"ChoiceOrder":[1,2,3,4],"Validation":{"Settings":{"ForceResponse":"ON","ForceResponseType":"ON","Type":"None"}},"GradingData":[],"Language":[],"NextChoiceId":5,"NextAnswerId":1,"QuestionID":"QID35"}},{"SurveyID":"SV_88R3VgbVdpP5nGC","Element":"SQ","PrimaryAttribute":"QID34","SecondaryAttribute":"If the energy measures are related to multiple different program abstractions, these should be:","TertiaryAttribute":null,"Payload":{"QuestionText":"If the energy measures are related to multiple different program abstractions, these should be:","DefaultChoices":false,"DataExportTag":"Multiple:Which","QuestionType":"MC","Selector":"MAVR","SubSelector":"TX","DataVisibility":{"Private":false,"Hidden":false},"Configuration":{"QuestionDescriptionOption":"UseText"},"QuestionDescription":"If the energy measures are related to multiple different program abstractions, these should be:","Choices":{"1":{"Display":"Code statements"},"2":{"Display":"Code branches"},"3":{"Display":"Functions"},"4":{"Display":"Source code files"},"5":{"Display":"The complete project"},"6":{"Display":"Libraries"}},"ChoiceOrder":[1,2,3,4,5,6],"Validation":{"Settings":{"ForceResponse":"ON","ForceResponseType":"ON","Type":"MinChoices","MinChoices":"2"}},"GradingData":[],"Language":[],"NextChoiceId":7,"NextAnswerId":1,"QuestionID":"QID34"}},{"SurveyID":"SV_88R3VgbVdpP5nGC","Element":"SQ","PrimaryAttribute":"QID33","SecondaryAttribute":"In order to optimize the energy consumption of embedded systems software, it would be useful if e...","TertiaryAttribute":null,"Payload":{"QuestionText":"In order to optimize the energy consumption of embedded systems software, it would be useful if energy measures are related to multiple different program abstractions.","DefaultChoices":false,"DataExportTag":"Multiple:Useful","QuestionType":"MC","Selector":"SAHR","SubSelector":"TX","DataVisibility":{"Private":false,"Hidden":false},"Configuration":{"QuestionDescriptionOption":"UseText","LabelPosition":"BELOW"},"QuestionDescription":"In order to optimize the energy consumption of embedded systems software, it would be useful if e...","Choices":{"1":{"Display":"Strongly disagree"},"2":{"Display":"Somewhat disagree"},"3":{"Display":"Somewhat agree"},"4":{"Display":"Strongly agree"}},"ChoiceOrder":[1,2,3,4],"Validation":{"Settings":{"ForceResponse":"ON","ForceResponseType":"ON","Type":"None"}},"GradingData":[],"Language":[],"NextChoiceId":5,"NextAnswerId":1,"QuestionID":"QID33"}},{"SurveyID":"SV_88R3VgbVdpP5nGC","Element":"SQ","PrimaryAttribute":"QID43","SecondaryAttribute":"In order to optimize the energy consumption of embedded systems software, it would be useful if t...","TertiaryAttribute":null,"Payload":{"QuestionText":"In order to optimize the energy consumption of embedded systems software, it would be useful if the energy measures are shown close to or in conjunction with the source code in a code editor.","DefaultChoices":false,"QuestionType":"MC","Selector":"SAHR","DataVisibility":{"Private":false,"Hidden":false},"Configuration":{"QuestionDescriptionOption":"UseText","LabelPosition":"BELOW"},"QuestionDescription":"In order to optimize the energy consumption of embedded systems software, it would be useful if t...","Choices":{"1":{"Display":"Strongly disagree"},"2":{"Display":"Somewhat disagree"},"3":{"Display":"Somewhat agree"},"4":{"Display":"Strongly agree"}},"ChoiceOrder":[1,2,3,4],"Validation":{"Settings":{"ForceResponse":"ON","ForceResponseType":"ON","Type":"None"}},"GradingData":[],"Language":[],"NextChoiceId":5,"NextAnswerId":1,"SubSelector":"TX","QuestionText_Unsafe":"Energy estimations or measurements are useful for optimizing energy consumption of embedded systems software.","DataExportTag":"Proximity","QuestionID":"QID43"}},{"SurveyID":"SV_88R3VgbVdpP5nGC","Element":"SQ","PrimaryAttribute":"QID41","SecondaryAttribute":"In order to optimize the energy consumption of embedded systems software, it would be useful to s...","TertiaryAttribute":null,"Payload":{"QuestionText":"In order to optimize the energy consumption of embedded systems software, it would be useful to see <strong>energy measures for different hardware combinations<\/strong>.","DefaultChoices":false,"DataExportTag":"HC:Useful","QuestionType":"MC","Selector":"SAHR","SubSelector":"TX","DataVisibility":{"Private":false,"Hidden":false},"Configuration":{"QuestionDescriptionOption":"UseText","LabelPosition":"BELOW"},"QuestionDescription":"In order to optimize the energy consumption of embedded systems software, it would be useful to s...","Choices":{"1":{"Display":"Strongly disagree"},"2":{"Display":"Somewhat disagree"},"3":{"Display":"Somewhat agree"},"4":{"Display":"Strongly agree"}},"ChoiceOrder":[1,2,3,4],"Validation":{"Settings":{"ForceResponse":"ON","ForceResponseType":"ON","Type":"None"}},"GradingData":[],"Language":[],"NextChoiceId":5,"NextAnswerId":1,"QuestionID":"QID41","InPageDisplayLogic":{"0":{"0":{"ChoiceLocator":"q:\/\/QID39\/SelectableChoice\/2","Description":"<span class=\"ConjDesc\">If<\/span> <span class=\"QuestionDesc\">Does the software that you write for embedded systems need to function on one specific hardware c...<\/span> <span class=\"LeftOpDesc\">Often one specific hardware combination<\/span> <span class=\"OpDesc\">Is Selected<\/span> ","LeftOperand":"q:\/\/QID39\/SelectableChoice\/2","LogicType":"Question","Operator":"Selected","QuestionID":"QID39","QuestionIDFromLocator":"QID39","QuestionIsInLoop":"no","Type":"Expression"},"1":{"ChoiceLocator":"q:\/\/QID39\/SelectableChoice\/3","Conjuction":"Or","Description":"<span class=\"ConjDesc\">Or<\/span> <span class=\"QuestionDesc\">Does the software that you write for embedded systems need to function on one specific hardware c...<\/span> <span class=\"LeftOpDesc\">Often different hardware combinations<\/span> <span class=\"OpDesc\">Is Selected<\/span> ","LeftOperand":"q:\/\/QID39\/SelectableChoice\/3","LogicType":"Question","Operator":"Selected","QuestionID":"QID39","QuestionIDFromLocator":"QID39","QuestionIsInLoop":"no","Type":"Expression"},"2":{"ChoiceLocator":"q:\/\/QID39\/SelectableChoice\/4","Conjuction":"Or","Description":"<span class=\"ConjDesc\">Or<\/span> <span class=\"QuestionDesc\">Does the software that you write for embedded systems need to function on one specific hardware c...<\/span> <span class=\"LeftOpDesc\">Always different hardware combinations<\/span> <span class=\"OpDesc\">Is Selected<\/span> ","LeftOperand":"q:\/\/QID39\/SelectableChoice\/4","LogicType":"Question","Operator":"Selected","QuestionID":"QID39","QuestionIDFromLocator":"QID39","QuestionIsInLoop":"no","Type":"Expression"},"Type":"If"},"Type":"BooleanExpression","inPage":true}}},{"SurveyID":"SV_88R3VgbVdpP5nGC","Element":"SQ","PrimaryAttribute":"QID102","SecondaryAttribute":"In order to optimize the energy consumption of embedded systems software, it would be useful to s...","TertiaryAttribute":null,"Payload":{"QuestionText":"In order to optimize the energy consumption of embedded systems software, it would be useful to see <strong>energy measures for different usage scenarios<\/strong>.","DefaultChoices":false,"QuestionType":"MC","Selector":"SAHR","SubSelector":"TX","DataVisibility":{"Private":false,"Hidden":false},"Configuration":{"QuestionDescriptionOption":"UseText","LabelPosition":"BELOW"},"QuestionDescription":"In order to optimize the energy consumption of embedded systems software, it would be useful to s...","Choices":{"1":{"Display":"Strongly disagree"},"2":{"Display":"Somewhat disagree"},"3":{"Display":"Somewhat agree"},"4":{"Display":"Strongly agree"}},"ChoiceOrder":[1,2,3,4],"Validation":{"Settings":{"ForceResponse":"ON","ForceResponseType":"ON","Type":"None"}},"GradingData":[],"Language":[],"NextChoiceId":5,"NextAnswerId":1,"InPageDisplayLogic":{"0":{"0":{"ChoiceLocator":"q:\/\/QID101\/SelectableChoice\/2","Description":"<span class=\"ConjDesc\">If<\/span> <span class=\"QuestionDesc\">Should the software that you write for embedded systems work under one usage scenario or multiple...<\/span> <span class=\"LeftOpDesc\">Often one usage scenario<\/span> <span class=\"OpDesc\">Is Selected<\/span> ","LeftOperand":"q:\/\/QID101\/SelectableChoice\/2","LogicType":"Question","Operator":"Selected","QuestionID":"QID101","QuestionIDFromLocator":"QID101","QuestionIsInLoop":"no","Type":"Expression"},"1":{"ChoiceLocator":"q:\/\/QID101\/SelectableChoice\/3","Conjuction":"Or","Description":"<span class=\"ConjDesc\">Or<\/span> <span class=\"QuestionDesc\">Should the software that you write for embedded systems work under one usage scenario or multiple...<\/span> <span class=\"LeftOpDesc\">Often different usage scenarios<\/span> <span class=\"OpDesc\">Is Selected<\/span> ","LeftOperand":"q:\/\/QID101\/SelectableChoice\/3","LogicType":"Question","Operator":"Selected","QuestionID":"QID101","QuestionIDFromLocator":"QID101","QuestionIsInLoop":"no","Type":"Expression"},"2":{"ChoiceLocator":"q:\/\/QID101\/SelectableChoice\/4","Conjuction":"Or","Description":"<span class=\"ConjDesc\">Or<\/span> <span class=\"QuestionDesc\">Should the software that you write for embedded systems work under one usage scenario or multiple...<\/span> <span class=\"LeftOpDesc\">Always different usage scenarios<\/span> <span class=\"OpDesc\">Is Selected<\/span> ","LeftOperand":"q:\/\/QID101\/SelectableChoice\/4","LogicType":"Question","Operator":"Selected","QuestionID":"QID101","QuestionIDFromLocator":"QID101","QuestionIsInLoop":"no","Type":"Expression"},"Type":"If"},"Type":"BooleanExpression","inPage":true},"QuestionText_Unsafe":"In order to optimize the energy consumption of embedded systems software, it would be useful to see energy measures for different <strong>usage scenarios<\/strong>.","DataExportTag":"US:Useful","QuestionID":"QID102"}},{"SurveyID":"SV_88R3VgbVdpP5nGC","Element":"SQ","PrimaryAttribute":"QID27","SecondaryAttribute":"In order to optimize the energy consumption of embedded systems software, would it be more useful...","TertiaryAttribute":null,"Payload":{"QuestionText":"In order to optimize the energy consumption of embedded systems software, would it be more useful if energy measures are collected for the central processing unit, or for the external hardware components controlled by this central processing unit?","DefaultChoices":false,"QuestionType":"MC","Selector":"SAHR","SubSelector":"TX","DataVisibility":{"Private":false,"Hidden":false},"Configuration":{"QuestionDescriptionOption":"UseText","LabelPosition":"BELOW"},"QuestionDescription":"In order to optimize the energy consumption of embedded systems software, would it be more useful...","Choices":{"1":{"Display":"Central processing unit is much more useful"},"2":{"Display":"Central processing unit is slightly more useful"},"3":{"Display":"External hardware components is slightly more useful"},"4":{"Display":"External hardware components is much more useful"}},"ChoiceOrder":[1,2,3,4],"Validation":{"Settings":{"ForceResponse":"ON","ForceResponseType":"ON","Type":"None"}},"GradingData":[],"Language":[],"NextChoiceId":5,"NextAnswerId":1,"QuestionText_Unsafe":"Are measures of energy consumption or power draw more useful in optimizing energy consumption of embedded systems software?","DataExportTag":"CPU","QuestionID":"QID27"}},{"SurveyID":"SV_88R3VgbVdpP5nGC","Element":"SQ","PrimaryAttribute":"QID5","SecondaryAttribute":"In scientific literature, efforts have been made to estimate and measure energy consumption of so...","TertiaryAttribute":null,"Payload":{"QuestionText":"<div>In scientific literature, efforts have been made to estimate and measure energy consumption of software. In this questionnaire, we wish to learn if these estimations and measurements would be useful when optimizing the energy consumption of embedded systems software.<\/div><div><br><\/div><div>In the first part of this questionnaire, we present different options for these estimations\/measurements and ask you to evaluate these. We regularly ask you to elaborate on your answers to get more insight into your reasoning. In the second part we have a few more questions and give you the opportunity to share any relevant options or ideas that were left undiscussed. We close the questionnaire with a third and last part, consisting of a few questions regarding your professional experience.<br><\/div>","DefaultChoices":false,"DataExportTag":"Introduction","QuestionType":"DB","Selector":"TB","DataVisibility":{"Private":false,"Hidden":false},"Configuration":{"QuestionDescriptionOption":"UseText"},"QuestionDescription":"In scientific literature, efforts have been made to estimate and measure energy consumption of so...","ChoiceOrder":[],"Validation":{"Settings":{"Type":"None"}},"GradingData":[],"Language":[],"NextChoiceId":9,"NextAnswerId":1,"QuestionID":"QID5"}},{"SurveyID":"SV_88R3VgbVdpP5nGC","Element":"SQ","PrimaryAttribute":"QID81","SecondaryAttribute":"In the first part of this questionnaire we have asked you to evaluate different options for energ...","TertiaryAttribute":null,"Payload":{"QuestionText":"In the first part of this questionnaire we have asked you to evaluate different options for energy measures. The list of options that we have presented might not be exhaustive.<br>","DefaultChoices":false,"DataExportTag":"Options:Introduction","QuestionType":"DB","Selector":"TB","DataVisibility":{"Private":false,"Hidden":false},"Configuration":{"QuestionDescriptionOption":"UseText"},"QuestionDescription":"In the first part of this questionnaire we have asked you to evaluate different options for energ...","ChoiceOrder":[],"Validation":{"Settings":{"Type":"None"}},"GradingData":[],"Language":[],"NextChoiceId":4,"NextAnswerId":1,"QuestionID":"QID81"}},{"SurveyID":"SV_88R3VgbVdpP5nGC","Element":"SQ","PrimaryAttribute":"QID32","SecondaryAttribute":"In the previous question, we assumed that energy measures are related to a single program abstrac...","TertiaryAttribute":null,"Payload":{"QuestionText":"In the previous question, we assumed that energy measures are related to a single program abstraction. However, energy measures can also be related to multiple different program abstractions. Please indicate your agreement with the statements and select two or more answers in the multiple choice question.<br>","DefaultChoices":false,"DataExportTag":"Multiple:Intro","QuestionType":"DB","Selector":"TB","DataVisibility":{"Private":false,"Hidden":false},"Configuration":{"QuestionDescriptionOption":"UseText"},"QuestionDescription":"In the previous question, we assumed that energy measures are related to a single program abstrac...","ChoiceOrder":[],"Validation":{"Settings":{"Type":"None"}},"GradingData":[],"Language":[],"NextChoiceId":4,"NextAnswerId":1,"QuestionID":"QID32"}},{"SurveyID":"SV_88R3VgbVdpP5nGC","Element":"SQ","PrimaryAttribute":"QID69","SecondaryAttribute":"In this second part, we ask you about any options that we have missed. Furthermore, we are curiou...","TertiaryAttribute":null,"Payload":{"QuestionText":"<div>In this second part, we ask you about any options that we have missed. Furthermore, we are curious to hear about any challenges that you face when optimizing the energy consumption of embedded systems software which energy measures can help to overcome. Additionally, we ask you to reflect on which goals would be useful steps towards optimizing the energy consumption of embedded systems. Lastly, we are curious about any final ideas or thoughts that you might have had during the questionnaire which you would like to share.<\/div>","DefaultChoices":false,"DataExportTag":"Part2:Introduction","QuestionType":"DB","Selector":"TB","DataVisibility":{"Private":false,"Hidden":false},"Configuration":{"QuestionDescriptionOption":"UseText"},"QuestionDescription":"In this second part, we ask you about any options that we have missed. Furthermore, we are curiou...","ChoiceOrder":[],"Validation":{"Settings":{"Type":"None"}},"GradingData":[],"Language":[],"NextChoiceId":4,"NextAnswerId":1,"QuestionID":"QID69"}},{"SurveyID":"SV_88R3VgbVdpP5nGC","Element":"SQ","PrimaryAttribute":"QID84","SecondaryAttribute":"In this third and final part we have a few questions about your prior experience in developing an...","TertiaryAttribute":null,"Payload":{"QuestionText":"In this third and final part we have a few questions about your prior experience in developing and optimizing embedded systems software.<br>","DefaultChoices":false,"DataExportTag":"Part3: Introduction","QuestionType":"DB","Selector":"TB","DataVisibility":{"Private":false,"Hidden":false},"Configuration":{"QuestionDescriptionOption":"UseText"},"QuestionDescription":"In this third and final part we have a few questions about your prior experience in developing an...","ChoiceOrder":[],"Validation":{"Settings":{"Type":"None"}},"GradingData":[],"Language":[],"NextChoiceId":4,"NextAnswerId":1,"QuestionID":"QID84"}},{"SurveyID":"SV_88R3VgbVdpP5nGC","Element":"SQ","PrimaryAttribute":"QID94","SecondaryAttribute":"Please enter the identifier provided to you by the researcher","TertiaryAttribute":null,"Payload":{"QuestionText":"Please enter the identifier provided to you by the researcher<br>","DefaultChoices":false,"DataExportTag":"Identifier","QuestionType":"TE","Selector":"SL","DataVisibility":{"Private":false,"Hidden":false},"Configuration":{"QuestionDescriptionOption":"UseText"},"QuestionDescription":"Please enter the identifier provided to you by the researcher","Validation":{"Settings":{"ForceResponse":"ON","ForceResponseType":"ON","Type":"None"}},"GradingData":[],"Language":[],"NextChoiceId":4,"NextAnswerId":1,"SearchSource":{"AllowFreeResponse":"false"},"QuestionID":"QID94"}},{"SurveyID":"SV_88R3VgbVdpP5nGC","Element":"SQ","PrimaryAttribute":"QID16","SecondaryAttribute":"Please explain your reasoning for your answer to the previous question in 1 to 5 sentences","TertiaryAttribute":null,"Payload":{"QuestionText":"Please explain your reasoning for your answer to the previous question in 1 to 5 sentences<br>","DefaultChoices":false,"DataExportTag":"Proxies:Open","QuestionType":"TE","Selector":"ML","DataVisibility":{"Private":false,"Hidden":false},"Configuration":{"QuestionDescriptionOption":"UseText"},"QuestionDescription":"Please explain your reasoning for your answer to the previous question in 1 to 5 sentences","Validation":{"Settings":{"ForceResponse":"ON","ForceResponseType":"ON","Type":"None"}},"GradingData":[],"Language":[],"NextChoiceId":4,"NextAnswerId":1,"SearchSource":{"AllowFreeResponse":"false"},"QuestionID":"QID16"}},{"SurveyID":"SV_88R3VgbVdpP5nGC","Element":"SQ","PrimaryAttribute":"QID22","SecondaryAttribute":"Please explain your reasoning for your answer to the previous question in 1 to 5 sentences","TertiaryAttribute":null,"Payload":{"QuestionText":"Please explain your reasoning for your answer to the previous question in 1 to 5 sentences","DefaultChoices":false,"DataExportTag":"Power:Open","QuestionType":"TE","Selector":"ML","DataVisibility":{"Private":false,"Hidden":false},"Configuration":{"QuestionDescriptionOption":"UseText"},"QuestionDescription":"Please explain your reasoning for your answer to the previous question in 1 to 5 sentences","Validation":{"Settings":{"ForceResponse":"ON","ForceResponseType":"ON","Type":"None"}},"GradingData":[],"Language":[],"NextChoiceId":4,"NextAnswerId":1,"SearchSource":{"AllowFreeResponse":"false"},"QuestionID":"QID22"}},{"SurveyID":"SV_88R3VgbVdpP5nGC","Element":"SQ","PrimaryAttribute":"QID25","SecondaryAttribute":"Please explain your reasoning for your answer to the previous question in 1 to 5 sentences","TertiaryAttribute":null,"Payload":{"QuestionText":"Please explain your reasoning for your answer to the previous question in 1 to 5 sentences","DefaultChoices":false,"DataExportTag":"Executions:Open","QuestionType":"TE","Selector":"ML","DataVisibility":{"Private":false,"Hidden":false},"Configuration":{"QuestionDescriptionOption":"UseText"},"QuestionDescription":"Please explain your reasoning for your answer to the previous question in 1 to 5 sentences","Validation":{"Settings":{"ForceResponse":"ON","ForceResponseType":"ON","Type":"None"}},"GradingData":[],"Language":[],"NextChoiceId":4,"NextAnswerId":1,"SearchSource":{"AllowFreeResponse":"false"},"QuestionID":"QID25"}},{"SurveyID":"SV_88R3VgbVdpP5nGC","Element":"SQ","PrimaryAttribute":"QID28","SecondaryAttribute":"Please explain your reasoning for your answer to the previous question in 1 to 5 sentences","TertiaryAttribute":null,"Payload":{"QuestionText":"Please explain your reasoning for your answer to the previous question in 1 to 5 sentences","DefaultChoices":false,"QuestionType":"TE","Selector":"ML","DataVisibility":{"Private":false,"Hidden":false},"Configuration":{"QuestionDescriptionOption":"UseText"},"QuestionDescription":"Please explain your reasoning for your answer to the previous question in 1 to 5 sentences","Validation":{"Settings":{"ForceResponse":"ON","ForceResponseType":"ON","Type":"None"}},"GradingData":[],"Language":[],"NextChoiceId":4,"NextAnswerId":1,"SearchSource":{"AllowFreeResponse":"false"},"QuestionText_Unsafe":"Could you elaborate why?<br>","DataExportTag":"CPU:Open","QuestionID":"QID28"}},{"SurveyID":"SV_88R3VgbVdpP5nGC","Element":"SQ","PrimaryAttribute":"QID31","SecondaryAttribute":"Please explain your reasoning for your answer to the previous question in 1 to 5 sentences","TertiaryAttribute":null,"Payload":{"QuestionText":"Please explain your reasoning for your answer to the previous question in 1 to 5 sentences","DefaultChoices":false,"DataExportTag":"Abstractions:Open","QuestionType":"TE","Selector":"ML","DataVisibility":{"Private":false,"Hidden":false},"Configuration":{"QuestionDescriptionOption":"UseText"},"QuestionDescription":"Please explain your reasoning for your answer to the previous question in 1 to 5 sentences","Validation":{"Settings":{"ForceResponse":"ON","ForceResponseType":"ON","Type":"None"}},"GradingData":[],"Language":[],"NextChoiceId":4,"NextAnswerId":1,"SearchSource":{"AllowFreeResponse":"false"},"QuestionID":"QID31"}},{"SurveyID":"SV_88R3VgbVdpP5nGC","Element":"SQ","PrimaryAttribute":"QID44","SecondaryAttribute":"Please explain your reasoning for your answer to the previous question in 1 to 5 sentences","TertiaryAttribute":null,"Payload":{"QuestionText":"Please explain your reasoning for your answer to the previous question in 1 to 5 sentences","DefaultChoices":false,"QuestionType":"TE","Selector":"ML","DataVisibility":{"Private":false,"Hidden":false},"Configuration":{"QuestionDescriptionOption":"UseText"},"QuestionDescription":"Please explain your reasoning for your answer to the previous question in 1 to 5 sentences","Validation":{"Settings":{"ForceResponse":"ON","ForceResponseType":"ON","Type":"None"}},"GradingData":[],"Language":[],"NextChoiceId":4,"NextAnswerId":1,"SearchSource":{"AllowFreeResponse":"false"},"QuestionText_Unsafe":"Could you elaborate why?<br>","DataExportTag":"Proximity:Open","QuestionID":"QID44"}},{"SurveyID":"SV_88R3VgbVdpP5nGC","Element":"SQ","PrimaryAttribute":"QID40","SecondaryAttribute":"Please explain your reasoning for your answer(s) to the previous question(s) in 1 to 5 sentences","TertiaryAttribute":null,"Payload":{"QuestionText":"Please explain your reasoning for your answer(s) to the previous question(s) in 1 to 5 sentences","DefaultChoices":false,"DataExportTag":"HC:Open","QuestionType":"TE","Selector":"ML","DataVisibility":{"Private":false,"Hidden":false},"Configuration":{"QuestionDescriptionOption":"UseText"},"QuestionDescription":"Please explain your reasoning for your answer(s) to the previous question(s) in 1 to 5 sentences","Validation":{"Settings":{"ForceResponse":"ON","ForceResponseType":"ON","Type":"None"}},"GradingData":[],"Language":[],"NextChoiceId":4,"NextAnswerId":1,"SearchSource":{"AllowFreeResponse":"false"},"QuestionID":"QID40"}},{"SurveyID":"SV_88R3VgbVdpP5nGC","Element":"SQ","PrimaryAttribute":"QID103","SecondaryAttribute":"Please explain your reasoning for your answer(s) to the previous question(s) in 1 to 5 sentences","TertiaryAttribute":null,"Payload":{"QuestionText":"Please explain your reasoning for your answer(s) to the previous question(s) in 1 to 5 sentences","DefaultChoices":false,"QuestionType":"TE","Selector":"ML","DataVisibility":{"Private":false,"Hidden":false},"Configuration":{"QuestionDescriptionOption":"UseText"},"QuestionDescription":"Please explain your reasoning for your answer(s) to the previous question(s) in 1 to 5 sentences","Validation":{"Settings":{"ForceResponse":"ON","ForceResponseType":"ON","Type":"None"}},"GradingData":[],"Language":[],"NextChoiceId":4,"NextAnswerId":1,"SearchSource":{"AllowFreeResponse":"false"},"QuestionText_Unsafe":"Could you elaborate why?","DataExportTag":"US:Open","QuestionID":"QID103"}},{"SurveyID":"SV_88R3VgbVdpP5nGC","Element":"SQ","PrimaryAttribute":"QID36","SecondaryAttribute":"Please explain your reasoning for your answers to the previous questions in 1 to 5 sentences","TertiaryAttribute":null,"Payload":{"QuestionText":"Please explain your reasoning for your answers to the previous questions in 1 to 5 sentences","DefaultChoices":false,"DataExportTag":"Multiple:Open","QuestionType":"TE","Selector":"ML","DataVisibility":{"Private":false,"Hidden":false},"Configuration":{"QuestionDescriptionOption":"UseText"},"QuestionDescription":"Please explain your reasoning for your answers to the previous questions in 1 to 5 sentences","Validation":{"Settings":{"ForceResponse":"ON","ForceResponseType":"ON","Type":"None"}},"GradingData":[],"Language":[],"NextChoiceId":4,"NextAnswerId":1,"SearchSource":{"AllowFreeResponse":"false"},"QuestionID":"QID36"}},{"SurveyID":"SV_88R3VgbVdpP5nGC","Element":"SQ","PrimaryAttribute":"QID78","SecondaryAttribute":"Please explain your reasoning for your answers to the previous questions in 1 to 5 sentences","TertiaryAttribute":null,"Payload":{"QuestionText":"Please explain your reasoning for your answers to the previous questions in 1 to 5 sentences","DefaultChoices":false,"DataExportTag":"Goals:Open","QuestionType":"TE","Selector":"ML","DataVisibility":{"Private":false,"Hidden":false},"Configuration":{"QuestionDescriptionOption":"UseText"},"QuestionDescription":"Please explain your reasoning for your answers to the previous questions in 1 to 5 sentences","Validation":{"Settings":{"ForceResponse":"ON","ForceResponseType":"ON","Type":"None"}},"GradingData":[],"Language":[],"NextChoiceId":4,"NextAnswerId":1,"SearchSource":{"AllowFreeResponse":"false"},"QuestionID":"QID78"}},{"SurveyID":"SV_88R3VgbVdpP5nGC","Element":"SQ","PrimaryAttribute":"QID30","SecondaryAttribute":"Please rank the following program abstractions in descending order of their usefulness for optimi...","TertiaryAttribute":null,"Payload":{"QuestionText":"Please rank the following program abstractions in descending order of their usefulness for optimizing the energy consumption of embedded systems software. You can drag and drop the abstractions to change the order (Top = 1 = most useful, Bottom = 6 = least useful)<br>","DefaultChoices":false,"DataExportTag":"Abstractions:Rank","QuestionType":"RO","Selector":"DND","DataVisibility":{"Private":false,"Hidden":false},"Configuration":{"QuestionDescriptionOption":"UseText"},"QuestionDescription":"Please rank the following program abstractions in descending order of their usefulness for optimi...","Choices":{"1":{"Display":"Code statements"},"2":{"Display":"Code branches"},"3":{"Display":"Functions"},"4":{"Display":"Source code files"},"5":{"Display":"The complete project"},"6":{"Display":"Libraries"}},"ChoiceOrder":[1,2,3,4,5,6],"Validation":{"Settings":{"ForceResponse":"ON","ForceResponseType":"ON","Type":"None"}},"GradingData":[],"Language":[],"NextChoiceId":7,"NextAnswerId":1,"QuestionID":"QID30","SubSelector":"TX"}},{"SurveyID":"SV_88R3VgbVdpP5nGC","Element":"SQ","PrimaryAttribute":"QID101","SecondaryAttribute":"Should the software that you write for embedded systems work under one usage scenario or multiple...","TertiaryAttribute":null,"Payload":{"QuestionText":"Should the software that you write for embedded systems work under one usage scenario or multiple different usage scenarios?","DefaultChoices":false,"QuestionType":"MC","Selector":"SAHR","SubSelector":"TX","DataVisibility":{"Private":false,"Hidden":false},"Configuration":{"QuestionDescriptionOption":"UseText","LabelPosition":"BELOW"},"QuestionDescription":"Should the software that you write for embedded systems work under one usage scenario or multiple...","Choices":{"1":{"Display":"Always one usage scenario"},"2":{"Display":"Often one usage scenario"},"3":{"Display":"Often different usage scenarios"},"4":{"Display":"Always different usage scenarios"}},"ChoiceOrder":[1,2,3,4],"Validation":{"Settings":{"ForceResponse":"ON","ForceResponseType":"ON","Type":"None"}},"GradingData":[],"Language":[],"NextChoiceId":5,"NextAnswerId":1,"QuestionText_Unsafe":"Should the software that you write for embedded systems work under one usage scenario or multiple different usage scenarios?","DataExportTag":"US:Function","QuestionID":"QID101"}},{"SurveyID":"SV_88R3VgbVdpP5nGC","Element":"SQ","PrimaryAttribute":"QID37","SecondaryAttribute":"The same embedded systems software might be executed on different hardware combinations. Energy m...","TertiaryAttribute":null,"Payload":{"QuestionText":"The same embedded systems software might be executed on different <strong>hardware combinations<\/strong>. Energy measures could be collected for different hardware combinations.","DefaultChoices":false,"DataExportTag":"HC:Intro","QuestionType":"DB","Selector":"TB","DataVisibility":{"Private":false,"Hidden":false},"Configuration":{"QuestionDescriptionOption":"UseText"},"QuestionDescription":"The same embedded systems software might be executed on different hardware combinations. Energy m...","ChoiceOrder":[],"Validation":{"Settings":{"Type":"None"}},"GradingData":[],"Language":[],"NextChoiceId":4,"NextAnswerId":1,"QuestionID":"QID37"}},{"SurveyID":"SV_88R3VgbVdpP5nGC","Element":"SQ","PrimaryAttribute":"QID98","SecondaryAttribute":"The same embedded systems software might be executed under different scenarios of use. Energy mea...","TertiaryAttribute":null,"Payload":{"QuestionText":"The same embedded systems software might be executed under different <strong>scenarios of use<\/strong>. Energy measures could be collected for different usage scenarios.","DefaultChoices":false,"QuestionType":"DB","Selector":"TB","DataVisibility":{"Private":false,"Hidden":false},"Configuration":{"QuestionDescriptionOption":"UseText"},"QuestionDescription":"The same embedded systems software might be executed under different scenarios of use. Energy mea...","ChoiceOrder":[],"Validation":{"Settings":{"Type":"None"}},"GradingData":[],"Language":[],"NextChoiceId":4,"NextAnswerId":1,"QuestionText_Unsafe":"The same embedded systems software might be executed on different hardware combinations and with different scenarios of use. Energy measures could be collected for different hardware combinations and different usage scenarios.","DataExportTag":"US:Intro","QuestionID":"QID98"}},{"SurveyID":"SV_88R3VgbVdpP5nGC","Element":"SQ","PrimaryAttribute":"QID14","SecondaryAttribute":"To optimize software energy consumption, one can rely on proxies (e.g. execution time). Other met...","TertiaryAttribute":null,"Payload":{"QuestionText":"To optimize software energy consumption, one can rely on proxies (e.g. execution time). Other methods have instead tried to estimate or measure software energy consumption directly. Please indicate your agreement with the following statement:","DefaultChoices":false,"DataExportTag":"Proxies:Intro","QuestionType":"DB","Selector":"TB","DataVisibility":{"Private":false,"Hidden":false},"Configuration":{"QuestionDescriptionOption":"UseText"},"QuestionDescription":"To optimize software energy consumption, one can rely on proxies (e.g. execution time). Other met...","ChoiceOrder":[],"Validation":{"Settings":{"Type":"None"}},"GradingData":[],"Language":[],"NextChoiceId":4,"NextAnswerId":1,"QuestionID":"QID14"}},{"SurveyID":"SV_88R3VgbVdpP5nGC","Element":"SQ","PrimaryAttribute":"QID51","SecondaryAttribute":"Understanding the energy related behavior of embedded systems software is a useful step in the pr...","TertiaryAttribute":null,"Payload":{"QuestionText":"<strong>Understanding the energy related behavior of<\/strong> embedded systems software is a useful step in the process of optimizing its energy consumption.","DefaultChoices":false,"DataExportTag":"Goals:Understand","QuestionType":"MC","Selector":"SAHR","SubSelector":"TX","DataVisibility":{"Private":false,"Hidden":false},"Configuration":{"QuestionDescriptionOption":"UseText","LabelPosition":"BELOW"},"QuestionDescription":"Understanding the energy related behavior of embedded systems software is a useful step in the pr...","Choices":{"1":{"Display":"Strongly disagree"},"2":{"Display":"Somewhat disagree"},"3":{"Display":"Somewhat agree"},"4":{"Display":"Strongly agree"}},"ChoiceOrder":[1,2,3,4],"Validation":{"Settings":{"ForceResponse":"ON","ForceResponseType":"ON","Type":"None"}},"GradingData":[],"Language":[],"NextChoiceId":5,"NextAnswerId":1,"QuestionID":"QID51"}},{"SurveyID":"SV_88R3VgbVdpP5nGC","Element":"SQ","PrimaryAttribute":"QID90","SecondaryAttribute":"What is your current job title and role?","TertiaryAttribute":null,"Payload":{"QuestionText":"What is your current job title and role?<br>","DefaultChoices":false,"DataExportTag":"Exp:Job","QuestionType":"TE","Selector":"SL","DataVisibility":{"Private":false,"Hidden":false},"Configuration":{"QuestionDescriptionOption":"UseText"},"QuestionDescription":"What is your current job title and role?","Validation":{"Settings":{"ForceResponse":"ON","ForceResponseType":"ON","Type":"None"}},"GradingData":[],"Language":[],"NextChoiceId":4,"NextAnswerId":1,"SearchSource":{"AllowFreeResponse":"false"},"QuestionID":"QID90"}},{"SurveyID":"SV_88R3VgbVdpP5nGC","Element":"SQ","PrimaryAttribute":"QID24","SecondaryAttribute":"When would energy measures be most useful in optimizing energy consumption of embedded systems so...","TertiaryAttribute":null,"Payload":{"QuestionText":"When would energy measures be most useful in optimizing energy consumption of embedded systems software? If energy measures are collected for","DefaultChoices":false,"DataExportTag":"Executions","QuestionType":"MC","Selector":"SAHR","SubSelector":"TX","DataVisibility":{"Private":false,"Hidden":false},"Configuration":{"QuestionDescriptionOption":"UseText","LabelPosition":"BELOW"},"QuestionDescription":"When would energy measures be most useful in optimizing energy consumption of embedded systems so...","Choices":{"1":{"Display":"A single execution"},"2":{"Display":"Several executions"},"3":{"Display":"All possible executions"}},"ChoiceOrder":[1,2,3],"Validation":{"Settings":{"ForceResponse":"ON","ForceResponseType":"ON","Type":"None"}},"GradingData":[],"Language":[],"NextChoiceId":4,"NextAnswerId":1,"QuestionID":"QID24"}}]}